{
    "name": "shorty",
    "version": "0.5.5",
    "lockfileVersion": 3,
    "requires": true,
    "packages": {
        "": {
            "name": "shorty",
            "version": "0.5.5",
            "dependencies": {
                "shorty": "^0.5.5"
            }
        },
        "node_modules/shorty": {
            "version": "0.5.5",
            "resolved": "https://registry.npmjs.org/shorty/-/shorty-0.5.5.tgz",
            "integrity": "sha512-TwTz1oyhe1BdGq/4iXE1cSsDJCZRD5laI6j6sLDnCNLC2umh5B8m8OcA3YkqU69eHC9F59v1Ct/g2wFbRiCOvQ=="
        }
    }
}
